
Microsoft Visual Studio Solution File, Format Version 12.00
# Visual Studio Version 16
VisualStudioVersion = 16.0.810.6
MinimumVisualStudioVersion = 10.0.40219.1
Project("{FAE04EC0-301F-11D3-BF4B-00C04F79EFBC}") = "HotelManagement.MVC", "HotelManagement.MVC\HotelManagement.MVC.csproj", "{AC4DE488-A473-446C-8E33-CE83AF84AB60}"
EndProject
Project("{FAE04EC0-301F-11D3-BF4B-00C04F79EFBC}") = "HotelManagement.Core", "HotelManagement.Core\HotelManagement.Core.csproj", "{88EF2D6E-5790-4504-A7BB-43760050C81C}"
EndProject
Project("{FAE04EC0-301F-11D3-BF4B-00C04F79EFBC}") = "HotelManagement.Infrastructure", "HotelManagement.Infrastructure\HotelManagement.Infrastructure.csproj", "{048AD059-BAD5-4752-B4F1-259FDB18D2F0}"
EndProject
Global
	GlobalSection(SolutionConfigurationPlatforms) = preSolution
		Debug|Any CPU = Debug|Any CPU
		Release|Any CPU = Release|Any CPU
	EndGlobalSection
	GlobalSection(ProjectConfigurationPlatforms) = postSolution
		{AC4DE488-A473-446C-8E33-CE83AF84AB60}.Debug|Any CPU.ActiveCfg = Debug|Any CPU
		{AC4DE488-A473-446C-8E33-CE83AF84AB60}.Debug|Any CPU.Build.0 = Debug|Any CPU
		{AC4DE488-A473-446C-8E33-CE83AF84AB60}.Release|Any CPU.ActiveCfg = Release|Any CPU
		{AC4DE488-A473-446C-8E33-CE83AF84AB60}.Release|Any CPU.Build.0 = Release|Any CPU
		{88EF2D6E-5790-4504-A7BB-43760050C81C}.Debug|Any CPU.ActiveCfg = Debug|Any CPU
		{88EF2D6E-5790-4504-A7BB-43760050C81C}.Debug|Any CPU.Build.0 = Debug|Any CPU
		{88EF2D6E-5790-4504-A7BB-43760050C81C}.Release|Any CPU.ActiveCfg = Release|Any CPU
		{88EF2D6E-5790-4504-A7BB-43760050C81C}.Release|Any CPU.Build.0 = Release|Any CPU
		{048AD059-BAD5-4752-B4F1-259FDB18D2F0}.Debug|Any CPU.ActiveCfg = Debug|Any CPU
		{048AD059-BAD5-4752-B4F1-259FDB18D2F0}.Debug|Any CPU.Build.0 = Debug|Any CPU
		{048AD059-BAD5-4752-B4F1-259FDB18D2F0}.Release|Any CPU.ActiveCfg = Release|Any CPU
		{048AD059-BAD5-4752-B4F1-259FDB18D2F0}.Release|Any CPU.Build.0 = Release|Any CPU
	EndGlobalSection
	GlobalSection(SolutionProperties) = preSolution
		HideSolutionNode = FALSE
	EndGlobalSection
	GlobalSection(ExtensibilityGlobals) = postSolution
		SolutionGuid = {FDD32D53-6434-4127-A17F-F375D369AE70}
	EndGlobalSection
EndGlobal
