
Microsoft Visual Studio Solution File, Format Version 12.00
# Visual Studio Version 16
VisualStudioVersion = 16.0.810.6
MinimumVisualStudioVersion = 10.0.40219.1
Project("{FAE04EC0-301F-11D3-BF4B-00C04F79EFBC}") = "rmAPI", "API\rmAPI.csproj", "{5CAB08F9-84EE-447D-B932-7D21F96AA7A1}"
EndProject
Project("{FAE04EC0-301F-11D3-BF4B-00C04F79EFBC}") = "Infrastructure", "Infrastructure\Infrastructure.csproj", "{2ACF6414-314B-4091-9F5E-F6207F573C21}"
EndProject
Project("{FAE04EC0-301F-11D3-BF4B-00C04F79EFBC}") = "Core", "Core\Core.csproj", "{815C8C3E-72E9-42A4-A1B2-E33AA32775B0}"
EndProject
Global
	GlobalSection(SolutionConfigurationPlatforms) = preSolution
		Debug|Any CPU = Debug|Any CPU
		Release|Any CPU = Release|Any CPU
	EndGlobalSection
	GlobalSection(ProjectConfigurationPlatforms) = postSolution
		{5CAB08F9-84EE-447D-B932-7D21F96AA7A1}.Debug|Any CPU.ActiveCfg = Debug|Any CPU
		{5CAB08F9-84EE-447D-B932-7D21F96AA7A1}.Debug|Any CPU.Build.0 = Debug|Any CPU
		{5CAB08F9-84EE-447D-B932-7D21F96AA7A1}.Release|Any CPU.ActiveCfg = Release|Any CPU
		{5CAB08F9-84EE-447D-B932-7D21F96AA7A1}.Release|Any CPU.Build.0 = Release|Any CPU
		{2ACF6414-314B-4091-9F5E-F6207F573C21}.Debug|Any CPU.ActiveCfg = Debug|Any CPU
		{2ACF6414-314B-4091-9F5E-F6207F573C21}.Debug|Any CPU.Build.0 = Debug|Any CPU
		{2ACF6414-314B-4091-9F5E-F6207F573C21}.Release|Any CPU.ActiveCfg = Release|Any CPU
		{2ACF6414-314B-4091-9F5E-F6207F573C21}.Release|Any CPU.Build.0 = Release|Any CPU
		{815C8C3E-72E9-42A4-A1B2-E33AA32775B0}.Debug|Any CPU.ActiveCfg = Debug|Any CPU
		{815C8C3E-72E9-42A4-A1B2-E33AA32775B0}.Debug|Any CPU.Build.0 = Debug|Any CPU
		{815C8C3E-72E9-42A4-A1B2-E33AA32775B0}.Release|Any CPU.ActiveCfg = Release|Any CPU
		{815C8C3E-72E9-42A4-A1B2-E33AA32775B0}.Release|Any CPU.Build.0 = Release|Any CPU
	EndGlobalSection
	GlobalSection(SolutionProperties) = preSolution
		HideSolutionNode = FALSE
	EndGlobalSection
	GlobalSection(ExtensibilityGlobals) = postSolution
		SolutionGuid = {F6236D23-1B0C-4014-88B9-C1384AB9B3DA}
	EndGlobalSection
EndGlobal
